// !$*UTF8*$!
{
	archiveVersion = 1;
	classes = {
	};
	objectVersion = 56;
	objects = {

/* Begin PBXBuildFile section */
		18937F452A972DAD0054D3BC /* Widget_3App.swift in Sources */ = {isa = PBXBuildFile; fileRef = 18937F442A972DAD0054D3BC /* Widget_3App.swift */; };
		18937F472A972DAD0054D3BC /* ContentView.swift in Sources */ = {isa = PBXBuildFile; fileRef = 18937F462A972DAD0054D3BC /* ContentView.swift */; };
		18937F492A972DAE0054D3BC /* Assets.xcassets in Resources */ = {isa = PBXBuildFile; fileRef = 18937F482A972DAE0054D3BC /* Assets.xcassets */; };
		18937F4D2A972DAE0054D3BC /* Preview Assets.xcassets in Resources */ = {isa = PBXBuildFile; fileRef = 18937F4C2A972DAE0054D3BC /* Preview Assets.xcassets */; };
		18937F5A2A972DEA0054D3BC /* WidgetKit.framework in Frameworks */ = {isa = PBXBuildFile; fileRef = 18937F592A972DEA0054D3BC /* WidgetKit.framework */; };
		18937F5C2A972DEA0054D3BC /* SwiftUI.framework in Frameworks */ = {isa = PBXBuildFile; fileRef = 18937F5B2A972DEA0054D3BC /* SwiftUI.framework */; };
		18937F5F2A972DEA0054D3BC /* TaskWidgetBundle.swift in Sources */ = {isa = PBXBuildFile; fileRef = 18937F5E2A972DEA0054D3BC /* TaskWidgetBundle.swift */; };
		18937F612A972DEA0054D3BC /* TaskWidget.swift in Sources */ = {isa = PBXBuildFile; fileRef = 18937F602A972DEA0054D3BC /* TaskWidget.swift */; };
		18937F632A972DEB0054D3BC /* Assets.xcassets in Resources */ = {isa = PBXBuildFile; fileRef = 18937F622A972DEB0054D3BC /* Assets.xcassets */; };
		18937F672A972DEB0054D3BC /* TaskWidgetExtension.appex in Embed Foundation Extensions */ = {isa = PBXBuildFile; fileRef = 18937F572A972DEA0054D3BC /* TaskWidgetExtension.appex */; settings = {ATTRIBUTES = (RemoveHeadersOnCopy, ); }; };
		18937F6D2A97326D0054D3BC /* TaskModel.swift in Sources */ = {isa = PBXBuildFile; fileRef = 18937F6C2A97326D0054D3BC /* TaskModel.swift */; };
		18937F6E2A97326D0054D3BC /* TaskModel.swift in Sources */ = {isa = PBXBuildFile; fileRef = 18937F6C2A97326D0054D3BC /* TaskModel.swift */; };
		18937F752A9735080054D3BC /* ToggleStateIntent.swift in Sources */ = {isa = PBXBuildFile; fileRef = 18937F722A9732E10054D3BC /* ToggleStateIntent.swift */; };
		18937F762A9735150054D3BC /* TaskWidget.swift in Sources */ = {isa = PBXBuildFile; fileRef = 18937F602A972DEA0054D3BC /* TaskWidget.swift */; };
		18937F772A9735190054D3BC /* ToggleStateIntent.swift in Sources */ = {isa = PBXBuildFile; fileRef = 18937F722A9732E10054D3BC /* ToggleStateIntent.swift */; };
/* End PBXBuildFile section */

/* Begin PBXContainerItemProxy section */
		18937F652A972DEB0054D3BC /* PBXContainerItemProxy */ = {
			isa = PBXContainerItemProxy;
			containerPortal = 18937F392A972DAD0054D3BC /* Project object */;
			proxyType = 1;
			remoteGlobalIDString = 18937F562A972DEA0054D3BC;
			remoteInfo = TaskWidgetExtension;
		};
/* End PBXContainerItemProxy section */

/* Begin PBXCopyFilesBuildPhase section */
		18937F6B2A972DEB0054D3BC /* Embed Foundation Extensions */ = {
			isa = PBXCopyFilesBuildPhase;
			buildActionMask = 2147483647;
			dstPath = "";
			dstSubfolderSpec = 13;
			files = (
				18937F672A972DEB0054D3BC /* TaskWidgetExtension.appex in Embed Foundation Extensions */,
			);
			name = "Embed Foundation Extensions";
			runOnlyForDeploymentPostprocessing = 0;
		};
/* End PBXCopyFilesBuildPhase section */

/* Begin PBXFileReference section */
		18937F412A972DAD0054D3BC /* Widget-3.app */ = {isa = PBXFileReference; explicitFileType = wrapper.application; includeInIndex = 0; path = "Widget-3.app"; sourceTree = BUILT_PRODUCTS_DIR; };
		18937F442A972DAD0054D3BC /* Widget_3App.swift */ = {isa = PBXFileReference; lastKnownFileType = sourcecode.swift; path = Widget_3App.swift; sourceTree = "<group>"; };
		18937F462A972DAD0054D3BC /* ContentView.swift */ = {isa = PBXFileReference; lastKnownFileType = sourcecode.swift; path = ContentView.swift; sourceTree = "<group>"; };
		18937F482A972DAE0054D3BC /* Assets.xcassets */ = {isa = PBXFileReference; lastKnownFileType = folder.assetcatalog; path = Assets.xcassets; sourceTree = "<group>"; };
		18937F4A2A972DAE0054D3BC /* Widget_3.entitlements */ = {isa = PBXFileReference; lastKnownFileType = text.plist.entitlements; path = Widget_3.entitlements; sourceTree = "<group>"; };
		18937F4C2A972DAE0054D3BC /* Preview Assets.xcassets */ = {isa = PBXFileReference; lastKnownFileType = folder.assetcatalog; path = "Preview Assets.xcassets"; sourceTree = "<group>"; };
		18937F572A972DEA0054D3BC /* TaskWidgetExtension.appex */ = {isa = PBXFileReference; explicitFileType = "wrapper.app-extension"; includeInIndex = 0; path = TaskWidgetExtension.appex; sourceTree = BUILT_PRODUCTS_DIR; };
		18937F592A972DEA0054D3BC /* WidgetKit.framework */ = {isa = PBXFileReference; lastKnownFileType = wrapper.framework; name = WidgetKit.framework; path = System/Library/Frameworks/WidgetKit.framework; sourceTree = SDKROOT; };
		18937F5B2A972DEA0054D3BC /* SwiftUI.framework */ = {isa = PBXFileReference; lastKnownFileType = wrapper.framework; name = SwiftUI.framework; path = System/Library/Frameworks/SwiftUI.framework; sourceTree = SDKROOT; };
		18937F5E2A972DEA0054D3BC /* TaskWidgetBundle.swift */ = {isa = PBXFileReference; lastKnownFileType = sourcecode.swift; path = TaskWidgetBundle.swift; sourceTree = "<group>"; };
		18937F602A972DEA0054D3BC /* TaskWidget.swift */ = {isa = PBXFileReference; lastKnownFileType = sourcecode.swift; path = TaskWidget.swift; sourceTree = "<group>"; };
		18937F622A972DEB0054D3BC /* Assets.xcassets */ = {isa = PBXFileReference; lastKnownFileType = folder.assetcatalog; path = Assets.xcassets; sourceTree = "<group>"; };
		18937F642A972DEB0054D3BC /* Info.plist */ = {isa = PBXFileReference; lastKnownFileType = text.plist.xml; path = Info.plist; sourceTree = "<group>"; };
		18937F6C2A97326D0054D3BC /* TaskModel.swift */ = {isa = PBXFileReference; lastKnownFileType = sourcecode.swift; path = TaskModel.swift; sourceTree = "<group>"; };
		18937F722A9732E10054D3BC /* ToggleStateIntent.swift */ = {isa = PBXFileReference; lastKnownFileType = sourcecode.swift; path = ToggleStateIntent.swift; sourceTree = "<group>"; };
/* End PBXFileReference section */

/* Begin PBXFrameworksBuildPhase section */
		18937F3E2A972DAD0054D3BC /* Frameworks */ = {
			isa = PBXFrameworksBuildPhase;
			buildActionMask = 2147483647;
			files = (
			);
			runOnlyForDeploymentPostprocessing = 0;
		};
		18937F542A972DEA0054D3BC /* Frameworks */ = {
			isa = PBXFrameworksBuildPhase;
			buildActionMask = 2147483647;
			files = (
				18937F5C2A972DEA0054D3BC /* SwiftUI.framework in Frameworks */,
				18937F5A2A972DEA0054D3BC /* WidgetKit.framework in Frameworks */,
			);
			runOnlyForDeploymentPostprocessing = 0;
		};
/* End PBXFrameworksBuildPhase section */

/* Begin PBXGroup section */
		18937F382A972DAD0054D3BC = {
			isa = PBXGroup;
			children = (
				18937F432A972DAD0054D3BC /* Widget-3 */,
				18937F5D2A972DEA0054D3BC /* TaskWidget */,
				18937F582A972DEA0054D3BC /* Frameworks */,
				18937F422A972DAD0054D3BC /* Products */,
			);
			sourceTree = "<group>";
		};
		18937F422A972DAD0054D3BC /* Products */ = {
			isa = PBXGroup;
			children = (
				18937F412A972DAD0054D3BC /* Widget-3.app */,
				18937F572A972DEA0054D3BC /* TaskWidgetExtension.appex */,
			);
			name = Products;
			sourceTree = "<group>";
		};
		18937F432A972DAD0054D3BC /* Widget-3 */ = {
			isa = PBXGroup;
			children = (
				18937F442A972DAD0054D3BC /* Widget_3App.swift */,
				18937F462A972DAD0054D3BC /* ContentView.swift */,
				18937F482A972DAE0054D3BC /* Assets.xcassets */,
				18937F4A2A972DAE0054D3BC /* Widget_3.entitlements */,
				18937F4B2A972DAE0054D3BC /* Preview Content */,
				18937F6C2A97326D0054D3BC /* TaskModel.swift */,
			);
			path = "Widget-3";
			sourceTree = "<group>";
		};
		18937F4B2A972DAE0054D3BC /* Preview Content */ = {
			isa = PBXGroup;
			children = (
				18937F4C2A972DAE0054D3BC /* Preview Assets.xcassets */,
			);
			path = "Preview Content";
			sourceTree = "<group>";
		};
		18937F582A972DEA0054D3BC /* Frameworks */ = {
			isa = PBXGroup;
			children = (
				18937F592A972DEA0054D3BC /* WidgetKit.framework */,
				18937F5B2A972DEA0054D3BC /* SwiftUI.framework */,
			);
			name = Frameworks;
			sourceTree = "<group>";
		};
		18937F5D2A972DEA0054D3BC /* TaskWidget */ = {
			isa = PBXGroup;
			children = (
				18937F5E2A972DEA0054D3BC /* TaskWidgetBundle.swift */,
				18937F602A972DEA0054D3BC /* TaskWidget.swift */,
				18937F622A972DEB0054D3BC /* Assets.xcassets */,
				18937F642A972DEB0054D3BC /* Info.plist */,
				18937F722A9732E10054D3BC /* ToggleStateIntent.swift */,
			);
			path = TaskWidget;
			sourceTree = "<group>";
		};
/* End PBXGroup section */

/* Begin PBXNativeTarget section */
		18937F402A972DAD0054D3BC /* Widget-3 */ = {
			isa = PBXNativeTarget;
			buildConfigurationList = 18937F502A972DAE0054D3BC /* Build configuration list for PBXNativeTarget "Widget-3" */;
			buildPhases = (
				18937F3D2A972DAD0054D3BC /* Sources */,
				18937F3E2A972DAD0054D3BC /* Frameworks */,
				18937F3F2A972DAD0054D3BC /* Resources */,
				18937F6B2A972DEB0054D3BC /* Embed Foundation Extensions */,
			);
			buildRules = (
			);
			dependencies = (
				18937F662A972DEB0054D3BC /* PBXTargetDependency */,
			);
			name = "Widget-3";
			productName = "Widget-3";
			productReference = 18937F412A972DAD0054D3BC /* Widget-3.app */;
			productType = "com.apple.product-type.application";
		};
		18937F562A972DEA0054D3BC /* TaskWidgetExtension */ = {
			isa = PBXNativeTarget;
			buildConfigurationList = 18937F682A972DEB0054D3BC /* Build configuration list for PBXNativeTarget "TaskWidgetExtension" */;
			buildPhases = (
				18937F532A972DEA0054D3BC /* Sources */,
				18937F542A972DEA0054D3BC /* Frameworks */,
				18937F552A972DEA0054D3BC /* Resources */,
			);
			buildRules = (
			);
			dependencies = (
			);
			name = TaskWidgetExtension;
			productName = TaskWidgetExtension;
			productReference = 18937F572A972DEA0054D3BC /* TaskWidgetExtension.appex */;
			productType = "com.apple.product-type.app-extension";
		};
/* End PBXNativeTarget section */

/* Begin PBXProject section */
		18937F392A972DAD0054D3BC /* Project object */ = {
			isa = PBXProject;
			attributes = {
				BuildIndependentTargetsInParallel = 1;
				LastSwiftUpdateCheck = 1500;
				LastUpgradeCheck = 1500;
				TargetAttributes = {
					18937F402A972DAD0054D3BC = {
						CreatedOnToolsVersion = 15.0;
					};
					18937F562A972DEA0054D3BC = {
						CreatedOnToolsVersion = 15.0;
					};
				};
			};
			buildConfigurationList = 18937F3C2A972DAD0054D3BC /* Build configuration list for PBXProject "Widget-3" */;
			compatibilityVersion = "Xcode 14.0";
			developmentRegion = en;
			hasScannedForEncodings = 0;
			knownRegions = (
				en,
				Base,
			);
			mainGroup = 18937F382A972DAD0054D3BC;
			productRefGroup = 18937F422A972DAD0054D3BC /* Products */;
			projectDirPath = "";
			projectRoot = "";
			targets = (
				18937F402A972DAD0054D3BC /* Widget-3 */,
				18937F562A972DEA0054D3BC /* TaskWidgetExtension */,
			);
		};
/* End PBXProject section */

/* Begin PBXResourcesBuildPhase section */
		18937F3F2A972DAD0054D3BC /* Resources */ = {
			isa = PBXResourcesBuildPhase;
			buildActionMask = 2147483647;
			files = (
				18937F4D2A972DAE0054D3BC /* Preview Assets.xcassets in Resources */,
				18937F492A972DAE0054D3BC /* Assets.xcassets in Resources */,
			);
			runOnlyForDeploymentPostprocessing = 0;
		};
		18937F552A972DEA0054D3BC /* Resources */ = {
			isa = PBXResourcesBuildPhase;
			buildActionMask = 2147483647;
			files = (
				18937F632A972DEB0054D3BC /* Assets.xcassets in Resources */,
			);
			runOnlyForDeploymentPostprocessing = 0;
		};
/* End PBXResourcesBuildPhase section */

/* Begin PBXSourcesBuildPhase section */
		18937F3D2A972DAD0054D3BC /* Sources */ = {
			isa = PBXSourcesBuildPhase;
			buildActionMask = 2147483647;
			files = (
				18937F6D2A97326D0054D3BC /* TaskModel.swift in Sources */,
				18937F762A9735150054D3BC /* TaskWidget.swift in Sources */,
				18937F472A972DAD0054D3BC /* ContentView.swift in Sources */,
				18937F452A972DAD0054D3BC /* Widget_3App.swift in Sources */,
				18937F752A9735080054D3BC /* ToggleStateIntent.swift in Sources */,
			);
			runOnlyForDeploymentPostprocessing = 0;
		};
		18937F532A972DEA0054D3BC /* Sources */ = {
			isa = PBXSourcesBuildPhase;
			buildActionMask = 2147483647;
			files = (
				18937F6E2A97326D0054D3BC /* TaskModel.swift in Sources */,
				18937F612A972DEA0054D3BC /* TaskWidget.swift in Sources */,
				18937F5F2A972DEA0054D3BC /* TaskWidgetBundle.swift in Sources */,
				18937F772A9735190054D3BC /* ToggleStateIntent.swift in Sources */,
			);
			runOnlyForDeploymentPostprocessing = 0;
		};
/* End PBXSourcesBuildPhase section */

/* Begin PBXTargetDependency section */
		18937F662A972DEB0054D3BC /* PBXTargetDependency */ = {
			isa = PBXTargetDependency;
			target = 18937F562A972DEA0054D3BC /* TaskWidgetExtension */;
			targetProxy = 18937F652A972DEB0054D3BC /* PBXContainerItemProxy */;
		};
/* End PBXTargetDependency section */

/* Begin XCBuildConfiguration section */
		18937F4E2A972DAE0054D3BC /* Debug */ = {
			isa = XCBuildConfiguration;
			buildSettings = {
				ALWAYS_SEARCH_USER_PATHS = NO;
				ASSETCATALOG_COMPILER_GENERATE_SWIFT_ASSET_SYMBOL_EXTENSIONS = YES;
				CLANG_ANALYZER_NONNULL = YES;
				CLANG_ANALYZER_NUMBER_OBJECT_CONVERSION = YES_AGGRESSIVE;
				CLANG_CXX_LANGUAGE_STANDARD = "gnu++20";
				CLANG_ENABLE_MODULES = YES;
				CLANG_ENABLE_OBJC_ARC = YES;
				CLANG_ENABLE_OBJC_WEAK = YES;
				CLANG_WARN_BLOCK_CAPTURE_AUTORELEASING = YES;
				CLANG_WARN_BOOL_CONVERSION = YES;
				CLANG_WARN_COMMA = YES;
				CLANG_WARN_CONSTANT_CONVERSION = YES;
				CLANG_WARN_DEPRECATED_OBJC_IMPLEMENTATIONS = YES;
				CLANG_WARN_DIRECT_OBJC_ISA_USAGE = YES_ERROR;
				CLANG_WARN_DOCUMENTATION_COMMENTS = YES;
				CLANG_WARN_EMPTY_BODY = YES;
				CLANG_WARN_ENUM_CONVERSION = YES;
				CLANG_WARN_INFINITE_RECURSION = YES;
				CLANG_WARN_INT_CONVERSION = YES;
				CLANG_WARN_NON_LITERAL_NULL_CONVERSION = YES;
				CLANG_WARN_OBJC_IMPLICIT_RETAIN_SELF = YES;
				CLANG_WARN_OBJC_LITERAL_CONVERSION = YES;
				CLANG_WARN_OBJC_ROOT_CLASS = YES_ERROR;
				CLANG_WARN_QUOTED_INCLUDE_IN_FRAMEWORK_HEADER = YES;
				CLANG_WARN_RANGE_LOOP_ANALYSIS = YES;
				CLANG_WARN_STRICT_PROTOTYPES = YES;
				CLANG_WARN_SUSPICIOUS_MOVE = YES;
				CLANG_WARN_UNGUARDED_AVAILABILITY = YES_AGGRESSIVE;
				CLANG_WARN_UNREACHABLE_CODE = YES;
				CLANG_WARN__DUPLICATE_METHOD_MATCH = YES;
				COPY_PHASE_STRIP = NO;
				DEBUG_INFORMATION_FORMAT = dwarf;
				ENABLE_STRICT_OBJC_MSGSEND = YES;
				ENABLE_TESTABILITY = YES;
				ENABLE_USER_SCRIPT_SANDBOXING = YES;
				GCC_C_LANGUAGE_STANDARD = gnu17;
				GCC_DYNAMIC_NO_PIC = NO;
				GCC_NO_COMMON_BLOCKS = YES;
				GCC_OPTIMIZATION_LEVEL = 0;
				GCC_PREPROCESSOR_DEFINITIONS = (
					"DEBUG=1",
					"$(inherited)",
				);
				GCC_WARN_64_TO_32_BIT_CONVERSION = YES;
				GCC_WARN_ABOUT_RETURN_TYPE = YES_ERROR;
				GCC_WARN_UNDECLARED_SELECTOR = YES;
				GCC_WARN_UNINITIALIZED_AUTOS = YES_AGGRESSIVE;
				GCC_WARN_UNUSED_FUNCTION = YES;
				GCC_WARN_UNUSED_VARIABLE = YES;
				LOCALIZATION_PREFERS_STRING_CATALOGS = YES;
				MTL_ENABLE_DEBUG_INFO = INCLUDE_SOURCE;
				MTL_FAST_MATH = YES;
				ONLY_ACTIVE_ARCH = YES;
				SWIFT_ACTIVE_COMPILATION_CONDITIONS = "DEBUG $(inherited)";
				SWIFT_OPTIMIZATION_LEVEL = "-Onone";
			};
			name = Debug;
		};
		18937F4F2A972DAE0054D3BC /* Release */ = {
			isa = XCBuildConfiguration;
			buildSettings = {
				ALWAYS_SEARCH_USER_PATHS = NO;
				ASSETCATALOG_COMPILER_GENERATE_SWIFT_ASSET_SYMBOL_EXTENSIONS = YES;
				CLANG_ANALYZER_NONNULL = YES;
				CLANG_ANALYZER_NUMBER_OBJECT_CONVERSION = YES_AGGRESSIVE;
				CLANG_CXX_LANGUAGE_STANDARD = "gnu++20";
				CLANG_ENABLE_MODULES = YES;
				CLANG_ENABLE_OBJC_ARC = YES;
				CLANG_ENABLE_OBJC_WEAK = YES;
				CLANG_WARN_BLOCK_CAPTURE_AUTORELEASING = YES;
				CLANG_WARN_BOOL_CONVERSION = YES;
				CLANG_WARN_COMMA = YES;
				CLANG_WARN_CONSTANT_CONVERSION = YES;
				CLANG_WARN_DEPRECATED_OBJC_IMPLEMENTATIONS = YES;
				CLANG_WARN_DIRECT_OBJC_ISA_USAGE = YES_ERROR;
				CLANG_WARN_DOCUMENTATION_COMMENTS = YES;
				CLANG_WARN_EMPTY_BODY = YES;
				CLANG_WARN_ENUM_CONVERSION = YES;
				CLANG_WARN_INFINITE_RECURSION = YES;
				CLANG_WARN_INT_CONVERSION = YES;
				CLANG_WARN_NON_LITERAL_NULL_CONVERSION = YES;
				CLANG_WARN_OBJC_IMPLICIT_RETAIN_SELF = YES;
				CLANG_WARN_OBJC_LITERAL_CONVERSION = YES;
				CLANG_WARN_OBJC_ROOT_CLASS = YES_ERROR;
				CLANG_WARN_QUOTED_INCLUDE_IN_FRAMEWORK_HEADER = YES;
				CLANG_WARN_RANGE_LOOP_ANALYSIS = YES;
				CLANG_WARN_STRICT_PROTOTYPES = YES;
				CLANG_WARN_SUSPICIOUS_MOVE = YES;
				CLANG_WARN_UNGUARDED_AVAILABILITY = YES_AGGRESSIVE;
				CLANG_WARN_UNREACHABLE_CODE = YES;
				CLANG_WARN__DUPLICATE_METHOD_MATCH = YES;
				COPY_PHASE_STRIP = NO;
				DEBUG_INFORMATION_FORMAT = "dwarf-with-dsym";
				ENABLE_NS_ASSERTIONS = NO;
				ENABLE_STRICT_OBJC_MSGSEND = YES;
				ENABLE_USER_SCRIPT_SANDBOXING = YES;
				GCC_C_LANGUAGE_STANDARD = gnu17;
				GCC_NO_COMMON_BLOCKS = YES;
				GCC_WARN_64_TO_32_BIT_CONVERSION = YES;
				GCC_WARN_ABOUT_RETURN_TYPE = YES_ERROR;
				GCC_WARN_UNDECLARED_SELECTOR = YES;
				GCC_WARN_UNINITIALIZED_AUTOS = YES_AGGRESSIVE;
				GCC_WARN_UNUSED_FUNCTION = YES;
				GCC_WARN_UNUSED_VARIABLE = YES;
				LOCALIZATION_PREFERS_STRING_CATALOGS = YES;
				MTL_ENABLE_DEBUG_INFO = NO;
				MTL_FAST_MATH = YES;
				SWIFT_COMPILATION_MODE = wholemodule;
			};
			name = Release;
		};
		18937F512A972DAE0054D3BC /* Debug */ = {
			isa = XCBuildConfiguration;
			buildSettings = {
				ALWAYS_EMBED_SWIFT_STANDARD_LIBRARIES = YES;
				ASSETCATALOG_COMPILER_APPICON_NAME = AppIcon;
				ASSETCATALOG_COMPILER_GLOBAL_ACCENT_COLOR_NAME = AccentColor;
				CODE_SIGN_ENTITLEMENTS = "Widget-3/Widget_3.entitlements";
				CODE_SIGN_STYLE = Automatic;
				CURRENT_PROJECT_VERSION = 1;
				DEVELOPMENT_ASSET_PATHS = "\"Widget-3/Preview Content\"";
				DEVELOPMENT_TEAM = EBV666YVS3;
				ENABLE_HARDENED_RUNTIME = YES;
				ENABLE_PREVIEWS = YES;
				GENERATE_INFOPLIST_FILE = YES;
				"INFOPLIST_KEY_UIApplicationSceneManifest_Generation[sdk=iphoneos*]" = YES;
				"INFOPLIST_KEY_UIApplicationSceneManifest_Generation[sdk=iphonesimulator*]" = YES;
				"INFOPLIST_KEY_UIApplicationSupportsIndirectInputEvents[sdk=iphoneos*]" = YES;
				"INFOPLIST_KEY_UIApplicationSupportsIndirectInputEvents[sdk=iphonesimulator*]" = YES;
				"INFOPLIST_KEY_UILaunchScreen_Generation[sdk=iphoneos*]" = YES;
				"INFOPLIST_KEY_UILaunchScreen_Generation[sdk=iphonesimulator*]" = YES;
				"INFOPLIST_KEY_UIStatusBarStyle[sdk=iphoneos*]" = UIStatusBarStyleDefault;
				"INFOPLIST_KEY_UIStatusBarStyle[sdk=iphonesimulator*]" = UIStatusBarStyleDefault;
				INFOPLIST_KEY_UISupportedInterfaceOrientations_iPad = "UIInterfaceOrientationPortrait UIInterfaceOrientationPortraitUpsideDown UIInterfaceOrientationLandscapeLeft UIInterfaceOrientationLandscapeRight";
				INFOPLIST_KEY_UISupportedInterfaceOrientations_iPhone = "UIInterfaceOrientationPortrait UIInterfaceOrientationLandscapeLeft UIInterfaceOrientationLandscapeRight";
				IPHONEOS_DEPLOYMENT_TARGET = 17.0;
				LD_RUNPATH_SEARCH_PATHS = "@executable_path/Frameworks";
				"LD_RUNPATH_SEARCH_PATHS[sdk=macosx*]" = "@executable_path/../Frameworks";
				MACOSX_DEPLOYMENT_TARGET = 13.5;
				MARKETING_VERSION = 1.0;
				PRODUCT_BUNDLE_IDENTIFIER = "com.soey.Widget-3";
				PRODUCT_NAME = "$(TARGET_NAME)";
				SDKROOT = auto;
				SUPPORTED_PLATFORMS = "iphoneos iphonesimulator macosx";
				SWIFT_EMIT_LOC_STRINGS = YES;
				SWIFT_VERSION = 5.0;
				TARGETED_DEVICE_FAMILY = "1,2";
			};
			name = Debug;
		};
		18937F522A972DAE0054D3BC /* Release */ = {
			isa = XCBuildConfiguration;
			buildSettings = {
				ALWAYS_EMBED_SWIFT_STANDARD_LIBRARIES = YES;
				ASSETCATALOG_COMPILER_APPICON_NAME = AppIcon;
				ASSETCATALOG_COMPILER_GLOBAL_ACCENT_COLOR_NAME = AccentColor;
				CODE_SIGN_ENTITLEMENTS = "Widget-3/Widget_3.entitlements";
				CODE_SIGN_STYLE = Automatic;
				CURRENT_PROJECT_VERSION = 1;
				DEVELOPMENT_ASSET_PATHS = "\"Widget-3/Preview Content\"";
				DEVELOPMENT_TEAM = EBV666YVS3;
				ENABLE_HARDENED_RUNTIME = YES;
				ENABLE_PREVIEWS = YES;
				GENERATE_INFOPLIST_FILE = YES;
				"INFOPLIST_KEY_UIApplicationSceneManifest_Generation[sdk=iphoneos*]" = YES;
				"INFOPLIST_KEY_UIApplicationSceneManifest_Generation[sdk=iphonesimulator*]" = YES;
				"INFOPLIST_KEY_UIApplicationSupportsIndirectInputEvents[sdk=iphoneos*]" = YES;
				"INFOPLIST_KEY_UIApplicationSupportsIndirectInputEvents[sdk=iphonesimulator*]" = YES;
				"INFOPLIST_KEY_UILaunchScreen_Generation[sdk=iphoneos*]" = YES;
				"INFOPLIST_KEY_UILaunchScreen_Generation[sdk=iphonesimulator*]" = YES;
				"INFOPLIST_KEY_UIStatusBarStyle[sdk=iphoneos*]" = UIStatusBarStyleDefault;
				"INFOPLIST_KEY_UIStatusBarStyle[sdk=iphonesimulator*]" = UIStatusBarStyleDefault;
				INFOPLIST_KEY_UISupportedInterfaceOrientations_iPad = "UIInterfaceOrientationPortrait UIInterfaceOrientationPortraitUpsideDown UIInterfaceOrientationLandscapeLeft UIInterfaceOrientationLandscapeRight";
				INFOPLIST_KEY_UISupportedInterfaceOrientations_iPhone = "UIInterfaceOrientationPortrait UIInterfaceOrientationLandscapeLeft UIInterfaceOrientationLandscapeRight";
				IPHONEOS_DEPLOYMENT_TARGET = 17.0;
				LD_RUNPATH_SEARCH_PATHS = "@executable_path/Frameworks";
				"LD_RUNPATH_SEARCH_PATHS[sdk=macosx*]" = "@executable_path/../Frameworks";
				MACOSX_DEPLOYMENT_TARGET = 13.5;
				MARKETING_VERSION = 1.0;
				PRODUCT_BUNDLE_IDENTIFIER = "com.soey.Widget-3";
				PRODUCT_NAME = "$(TARGET_NAME)";
				SDKROOT = auto;
				SUPPORTED_PLATFORMS = "iphoneos iphonesimulator macosx";
				SWIFT_EMIT_LOC_STRINGS = YES;
				SWIFT_VERSION = 5.0;
				TARGETED_DEVICE_FAMILY = "1,2";
			};
			name = Release;
		};
		18937F692A972DEB0054D3BC /* Debug */ = {
			isa = XCBuildConfiguration;
			buildSettings = {
				ASSETCATALOG_COMPILER_GLOBAL_ACCENT_COLOR_NAME = AccentColor;
				ASSETCATALOG_COMPILER_WIDGET_BACKGROUND_COLOR_NAME = WidgetBackground;
				CODE_SIGN_STYLE = Automatic;
				CURRENT_PROJECT_VERSION = 1;
				DEVELOPMENT_TEAM = EBV666YVS3;
				GENERATE_INFOPLIST_FILE = YES;
				INFOPLIST_FILE = TaskWidget/Info.plist;
				INFOPLIST_KEY_CFBundleDisplayName = TaskWidget;
				INFOPLIST_KEY_NSHumanReadableCopyright = "";
				IPHONEOS_DEPLOYMENT_TARGET = 17.0;
				LD_RUNPATH_SEARCH_PATHS = (
					"$(inherited)",
					"@executable_path/Frameworks",
					"@executable_path/../../Frameworks",
				);
				MARKETING_VERSION = 1.0;
				PRODUCT_BUNDLE_IDENTIFIER = "com.soey.Widget-3.TaskWidget";
				PRODUCT_NAME = "$(TARGET_NAME)";
				SDKROOT = iphoneos;
				SKIP_INSTALL = YES;
				SWIFT_EMIT_LOC_STRINGS = YES;
				SWIFT_VERSION = 5.0;
				TARGETED_DEVICE_FAMILY = "1,2";
			};
			name = Debug;
		};
		18937F6A2A972DEB0054D3BC /* Release */ = {
			isa = XCBuildConfiguration;
			buildSettings = {
				ASSETCATALOG_COMPILER_GLOBAL_ACCENT_COLOR_NAME = AccentColor;
				ASSETCATALOG_COMPILER_WIDGET_BACKGROUND_COLOR_NAME = WidgetBackground;
				CODE_SIGN_STYLE = Automatic;
				CURRENT_PROJECT_VERSION = 1;
				DEVELOPMENT_TEAM = EBV666YVS3;
				GENERATE_INFOPLIST_FILE = YES;
				INFOPLIST_FILE = TaskWidget/Info.plist;
				INFOPLIST_KEY_CFBundleDisplayName = TaskWidget;
				INFOPLIST_KEY_NSHumanReadableCopyright = "";
				IPHONEOS_DEPLOYMENT_TARGET = 17.0;
				LD_RUNPATH_SEARCH_PATHS = (
					"$(inherited)",
					"@executable_path/Frameworks",
					"@executable_path/../../Frameworks",
				);
				MARKETING_VERSION = 1.0;
				PRODUCT_BUNDLE_IDENTIFIER = "com.soey.Widget-3.TaskWidget";
				PRODUCT_NAME = "$(TARGET_NAME)";
				SDKROOT = iphoneos;
				SKIP_INSTALL = YES;
				SWIFT_EMIT_LOC_STRINGS = YES;
				SWIFT_VERSION = 5.0;
				TARGETED_DEVICE_FAMILY = "1,2";
				VALIDATE_PRODUCT = YES;
			};
			name = Release;
		};
/* End XCBuildConfiguration section */

/* Begin XCConfigurationList section */
		18937F3C2A972DAD0054D3BC /* Build configuration list for PBXProject "Widget-3" */ = {
			isa = XCConfigurationList;
			buildConfigurations = (
				18937F4E2A972DAE0054D3BC /* Debug */,
				18937F4F2A972DAE0054D3BC /* Release */,
			);
			defaultConfigurationIsVisible = 0;
			defaultConfigurationName = Release;
		};
		18937F502A972DAE0054D3BC /* Build configuration list for PBXNativeTarget "Widget-3" */ = {
			isa = XCConfigurationList;
			buildConfigurations = (
				18937F512A972DAE0054D3BC /* Debug */,
				18937F522A972DAE0054D3BC /* Release */,
			);
			defaultConfigurationIsVisible = 0;
			defaultConfigurationName = Release;
		};
		18937F682A972DEB0054D3BC /* Build configuration list for PBXNativeTarget "TaskWidgetExtension" */ = {
			isa = XCConfigurationList;
			buildConfigurations = (
				18937F692A972DEB0054D3BC /* Debug */,
				18937F6A2A972DEB0054D3BC /* Release */,
			);
			defaultConfigurationIsVisible = 0;
			defaultConfigurationName = Release;
		};
/* End XCConfigurationList section */
	};
	rootObject = 18937F392A972DAD0054D3BC /* Project object */;
}
